// !$*UTF8*$!
{
	archiveVersion = 1;
	classes = {
	};
	objectVersion = 50;
	objects = {

/* Begin PBXBuildFile section */
		64FCE00124E95C3100F2DAAF /* AppDelegate.swift in Sources */ = {isa = PBXBuildFile; fileRef = 64FCE00024E95C3100F2DAAF /* AppDelegate.swift */; };
		64FCE00324E95C3100F2DAAF /* SceneDelegate.swift in Sources */ = {isa = PBXBuildFile; fileRef = 64FCE00224E95C3100F2DAAF /* SceneDelegate.swift */; };
		64FCE00524E95C3100F2DAAF /* ContentView.swift in Sources */ = {isa = PBXBuildFile; fileRef = 64FCE00424E95C3100F2DAAF /* ContentView.swift */; };
		64FCE00724E95C3400F2DAAF /* Assets.xcassets in Resources */ = {isa = PBXBuildFile; fileRef = 64FCE00624E95C3400F2DAAF /* Assets.xcassets */; };
		64FCE00A24E95C3400F2DAAF /* Preview Assets.xcassets in Resources */ = {isa = PBXBuildFile; fileRef = 64FCE00924E95C3400F2DAAF /* Preview Assets.xcassets */; };
		64FCE00D24E95C3400F2DAAF /* LaunchScreen.storyboard in Resources */ = {isa = PBXBuildFile; fileRef = 64FCE00B24E95C3400F2DAAF /* LaunchScreen.storyboard */; };
/* End PBXBuildFile section */

/* Begin PBXFileReference section */
		64FCDFFD24E95C3100F2DAAF /* ProfilePage.app */ = {isa = PBXFileReference; explicitFileType = wrapper.application; includeInIndex = 0; path = ProfilePage.app; sourceTree = BUILT_PRODUCTS_DIR; };
		64FCE00024E95C3100F2DAAF /* AppDelegate.swift */ = {isa = PBXFileReference; lastKnownFileType = sourcecode.swift; path = AppDelegate.swift; sourceTree = "<group>"; };
		64FCE00224E95C3100F2DAAF /* SceneDelegate.swift */ = {isa = PBXFileReference; lastKnownFileType = sourcecode.swift; path = SceneDelegate.swift; sourceTree = "<group>"; };
		64FCE00424E95C3100F2DAAF /* ContentView.swift */ = {isa = PBXFileReference; lastKnownFileType = sourcecode.swift; path = ContentView.swift; sourceTree = "<group>"; };
		64FCE00624E95C3400F2DAAF /* Assets.xcassets */ = {isa = PBXFileReference; lastKnownFileType = folder.assetcatalog; path = Assets.xcassets; sourceTree = "<group>"; };
		64FCE00924E95C3400F2DAAF /* Preview Assets.xcassets */ = {isa = PBXFileReference; lastKnownFileType = folder.assetcatalog; path = "Preview Assets.xcassets"; sourceTree = "<group>"; };
		64FCE00C24E95C3400F2DAAF /* Base */ = {isa = PBXFileReference; lastKnownFileType = file.storyboard; name = Base; path = Base.lproj/LaunchScreen.storyboard; sourceTree = "<group>"; };
		64FCE00E24E95C3400F2DAAF /* Info.plist */ = {isa = PBXFileReference; lastKnownFileType = text.plist.xml; path = Info.plist; sourceTree = "<group>"; };
/* End PBXFileReference section */

/* Begin PBXFrameworksBuildPhase section */
		64FCDFFA24E95C3100F2DAAF /* Frameworks */ = {
			isa = PBXFrameworksBuildPhase;
			buildActionMask = 2147483647;
			files = (
			);
			runOnlyForDeploymentPostprocessing = 0;
		};
/* End PBXFrameworksBuildPhase section */

/* Begin PBXGroup section */
		64FCDFF424E95C3100F2DAAF = {
			isa = PBXGroup;
			children = (
				64FCDFFF24E95C3100F2DAAF /* ProfilePage */,
				64FCDFFE24E95C3100F2DAAF /* Products */,
			);
			sourceTree = "<group>";
		};
		64FCDFFE24E95C3100F2DAAF /* Products */ = {
			isa = PBXGroup;
			children = (
				64FCDFFD24E95C3100F2DAAF /* ProfilePage.app */,
			);
			name = Products;
			sourceTree = "<group>";
		};
		64FCDFFF24E95C3100F2DAAF /* ProfilePage */ = {
			isa = PBXGroup;
			children = (
				64FCE00024E95C3100F2DAAF /* AppDelegate.swift */,
				64FCE00224E95C3100F2DAAF /* SceneDelegate.swift */,
				64FCE00424E95C3100F2DAAF /* ContentView.swift */,
				64FCE00624E95C3400F2DAAF /* Assets.xcassets */,
				64FCE00B24E95C3400F2DAAF /* LaunchScreen.storyboard */,
				64FCE00E24E95C3400F2DAAF /* Info.plist */,
				64FCE00824E95C3400F2DAAF /* Preview Content */,
			);
			path = ProfilePage;
			sourceTree = "<group>";
		};
		64FCE00824E95C3400F2DAAF /* Preview Content */ = {
			isa = PBXGroup;
			children = (
				64FCE00924E95C3400F2DAAF /* Preview Assets.xcassets */,
			);
			path = "Preview Content";
			sourceTree = "<group>";
		};
/* End PBXGroup section */

/* Begin PBXNativeTarget section */
		64FCDFFC24E95C3100F2DAAF /* ProfilePage */ = {
			isa = PBXNativeTarget;
			buildConfigurationList = 64FCE01124E95C3400F2DAAF /* Build configuration list for PBXNativeTarget "ProfilePage" */;
			buildPhases = (
				64FCDFF924E95C3100F2DAAF /* Sources */,
				64FCDFFA24E95C3100F2DAAF /* Frameworks */,
				64FCDFFB24E95C3100F2DAAF /* Resources */,
			);
			buildRules = (
			);
			dependencies = (
			);
			name = ProfilePage;
			productName = ProfilePage;
			productReference = 64FCDFFD24E95C3100F2DAAF /* ProfilePage.app */;
			productType = "com.apple.product-type.application";
		};
/* End PBXNativeTarget section */

/* Begin PBXProject section */
		64FCDFF524E95C3100F2DAAF /* Project object */ = {
			isa = PBXProject;
			attributes = {
				LastSwiftUpdateCheck = 1160;
				LastUpgradeCheck = 1160;
				ORGANIZATIONNAME = "Raphael Cerqueira";
				TargetAttributes = {
					64FCDFFC24E95C3100F2DAAF = {
						CreatedOnToolsVersion = 11.6;
					};
				};
			};
			buildConfigurationList = 64FCDFF824E95C3100F2DAAF /* Build configuration list for PBXProject "ProfilePage" */;
			compatibilityVersion = "Xcode 9.3";
			developmentRegion = en;
			hasScannedForEncodings = 0;
			knownRegions = (
				en,
				Base,
			);
			mainGroup = 64FCDFF424E95C3100F2DAAF;
			productRefGroup = 64FCDFFE24E95C3100F2DAAF /* Products */;
			projectDirPath = "";
			projectRoot = "";
			targets = (
				64FCDFFC24E95C3100F2DAAF /* ProfilePage */,
			);
		};
/* End PBXProject section */

/* Begin PBXResourcesBuildPhase section */
		64FCDFFB24E95C3100F2DAAF /* Resources */ = {
			isa = PBXResourcesBuildPhase;
			buildActionMask = 2147483647;
			files = (
				64FCE00D24E95C3400F2DAAF /* LaunchScreen.storyboard in Resources */,
				64FCE00A24E95C3400F2DAAF /* Preview Assets.xcassets in Resources */,
				64FCE00724E95C3400F2DAAF /* Assets.xcassets in Resources */,
			);
			runOnlyForDeploymentPostprocessing = 0;
		};
/* End PBXResourcesBuildPhase section */

/* Begin PBXSourcesBuildPhase section */
		64FCDFF924E95C3100F2DAAF /* Sources */ = {
			isa = PBXSourcesBuildPhase;
			buildActionMask = 2147483647;
			files = (
				64FCE00124E95C3100F2DAAF /* AppDelegate.swift in Sources */,
				64FCE00324E95C3100F2DAAF /* SceneDelegate.swift in Sources */,
				64FCE00524E95C3100F2DAAF /* ContentView.swift in Sources */,
			);
			runOnlyForDeploymentPostprocessing = 0;
		};
/* End PBXSourcesBuildPhase section */

/* Begin PBXVariantGroup section */
		64FCE00B24E95C3400F2DAAF /* LaunchScreen.storyboard */ = {
			isa = PBXVariantGroup;
			children = (
				64FCE00C24E95C3400F2DAAF /* Base */,
			);
			name = LaunchScreen.storyboard;
			sourceTree = "<group>";
		};
/* End PBXVariantGroup section */

/* Begin XCBuildConfiguration section */
		64FCE00F24E95C3400F2DAAF /* Debug */ = {
			isa = XCBuildConfiguration;
			buildSettings = {
				ALWAYS_SEARCH_USER_PATHS = NO;
				CLANG_ANALYZER_NONNULL = YES;
				CLANG_ANALYZER_NUMBER_OBJECT_CONVERSION = YES_AGGRESSIVE;
				CLANG_CXX_LANGUAGE_STANDARD = "gnu++14";
				CLANG_CXX_LIBRARY = "libc++";
				CLANG_ENABLE_MODULES = YES;
				CLANG_ENABLE_OBJC_ARC = YES;
				CLANG_ENABLE_OBJC_WEAK = YES;
				CLANG_WARN_BLOCK_CAPTURE_AUTORELEASING = YES;
				CLANG_WARN_BOOL_CONVERSION = YES;
				CLANG_WARN_COMMA = YES;
				CLANG_WARN_CONSTANT_CONVERSION = YES;
				CLANG_WARN_DEPRECATED_OBJC_IMPLEMENTATIONS = YES;
				CLANG_WARN_DIRECT_OBJC_ISA_USAGE = YES_ERROR;
				CLANG_WARN_DOCUMENTATION_COMMENTS = YES;
				CLANG_WARN_EMPTY_BODY = YES;
				CLANG_WARN_ENUM_CONVERSION = YES;
				CLANG_WARN_INFINITE_RECURSION = YES;
				CLANG_WARN_INT_CONVERSION = YES;
				CLANG_WARN_NON_LITERAL_NULL_CONVERSION = YES;
				CLANG_WARN_OBJC_IMPLICIT_RETAIN_SELF = YES;
				CLANG_WARN_OBJC_LITERAL_CONVERSION = YES;
				CLANG_WARN_OBJC_ROOT_CLASS = YES_ERROR;
				CLANG_WARN_RANGE_LOOP_ANALYSIS = YES;
				CLANG_WARN_STRICT_PROTOTYPES = YES;
				CLANG_WARN_SUSPICIOUS_MOVE = YES;
				CLANG_WARN_UNGUARDED_AVAILABILITY = YES_AGGRESSIVE;
				CLANG_WARN_UNREACHABLE_CODE = YES;
				CLANG_WARN__DUPLICATE_METHOD_MATCH = YES;
				COPY_PHASE_STRIP = NO;
				DEBUG_INFORMATION_FORMAT = dwarf;
				ENABLE_STRICT_OBJC_MSGSEND = YES;
				ENABLE_TESTABILITY = YES;
				GCC_C_LANGUAGE_STANDARD = gnu11;
				GCC_DYNAMIC_NO_PIC = NO;
				GCC_NO_COMMON_BLOCKS = YES;
				GCC_OPTIMIZATION_LEVEL = 0;
				GCC_PREPROCESSOR_DEFINITIONS = (
					"DEBUG=1",
					"$(inherited)",
				);
				GCC_WARN_64_TO_32_BIT_CONVERSION = YES;
				GCC_WARN_ABOUT_RETURN_TYPE = YES_ERROR;
				GCC_WARN_UNDECLARED_SELECTOR = YES;
				GCC_WARN_UNINITIALIZED_AUTOS = YES_AGGRESSIVE;
				GCC_WARN_UNUSED_FUNCTION = YES;
				GCC_WARN_UNUSED_VARIABLE = YES;
				IPHONEOS_DEPLOYMENT_TARGET = 13.6;
				MTL_ENABLE_DEBUG_INFO = INCLUDE_SOURCE;
				MTL_FAST_MATH = YES;
				ONLY_ACTIVE_ARCH = YES;
				SDKROOT = iphoneos;
				SWIFT_ACTIVE_COMPILATION_CONDITIONS = DEBUG;
				SWIFT_OPTIMIZATION_LEVEL = "-Onone";
			};
			name = Debug;
		};
		64FCE01024E95C3400F2DAAF /* Release */ = {
			isa = XCBuildConfiguration;
			buildSettings = {
				ALWAYS_SEARCH_USER_PATHS = NO;
				CLANG_ANALYZER_NONNULL = YES;
				CLANG_ANALYZER_NUMBER_OBJECT_CONVERSION = YES_AGGRESSIVE;
				CLANG_CXX_LANGUAGE_STANDARD = "gnu++14";
				CLANG_CXX_LIBRARY = "libc++";
				CLANG_ENABLE_MODULES = YES;
				CLANG_ENABLE_OBJC_ARC = YES;
				CLANG_ENABLE_OBJC_WEAK = YES;
				CLANG_WARN_BLOCK_CAPTURE_AUTORELEASING = YES;
				CLANG_WARN_BOOL_CONVERSION = YES;
				CLANG_WARN_COMMA = YES;
				CLANG_WARN_CONSTANT_CONVERSION = YES;
				CLANG_WARN_DEPRECATED_OBJC_IMPLEMENTATIONS = YES;
				CLANG_WARN_DIRECT_OBJC_ISA_USAGE = YES_ERROR;
				CLANG_WARN_DOCUMENTATION_COMMENTS = YES;
				CLANG_WARN_EMPTY_BODY = YES;
				CLANG_WARN_ENUM_CONVERSION = YES;
				CLANG_WARN_INFINITE_RECURSION = YES;
				CLANG_WARN_INT_CONVERSION = YES;
				CLANG_WARN_NON_LITERAL_NULL_CONVERSION = YES;
				CLANG_WARN_OBJC_IMPLICIT_RETAIN_SELF = YES;
				CLANG_WARN_OBJC_LITERAL_CONVERSION = YES;
				CLANG_WARN_OBJC_ROOT_CLASS = YES_ERROR;
				CLANG_WARN_RANGE_LOOP_ANALYSIS = YES;
				CLANG_WARN_STRICT_PROTOTYPES = YES;
				CLANG_WARN_SUSPICIOUS_MOVE = YES;
				CLANG_WARN_UNGUARDED_AVAILABILITY = YES_AGGRESSIVE;
				CLANG_WARN_UNREACHABLE_CODE = YES;
				CLANG_WARN__DUPLICATE_METHOD_MATCH = YES;
				COPY_PHASE_STRIP = NO;
				DEBUG_INFORMATION_FORMAT = "dwarf-with-dsym";
				ENABLE_NS_ASSERTIONS = NO;
				ENABLE_STRICT_OBJC_MSGSEND = YES;
				GCC_C_LANGUAGE_STANDARD = gnu11;
				GCC_NO_COMMON_BLOCKS = YES;
				GCC_WARN_64_TO_32_BIT_CONVERSION = YES;
				GCC_WARN_ABOUT_RETURN_TYPE = YES_ERROR;
				GCC_WARN_UNDECLARED_SELECTOR = YES;
				GCC_WARN_UNINITIALIZED_AUTOS = YES_AGGRESSIVE;
				GCC_WARN_UNUSED_FUNCTION = YES;
				GCC_WARN_UNUSED_VARIABLE = YES;
				IPHONEOS_DEPLOYMENT_TARGET = 13.6;
				MTL_ENABLE_DEBUG_INFO = NO;
				MTL_FAST_MATH = YES;
				SDKROOT = iphoneos;
				SWIFT_COMPILATION_MODE = wholemodule;
				SWIFT_OPTIMIZATION_LEVEL = "-O";
				VALIDATE_PRODUCT = YES;
			};
			name = Release;
		};
		64FCE01224E95C3400F2DAAF /* Debug */ = {
			isa = XCBuildConfiguration;
			buildSettings = {
				ASSETCATALOG_COMPILER_APPICON_NAME = AppIcon;
				CODE_SIGN_STYLE = Automatic;
				DEVELOPMENT_ASSET_PATHS = "\"ProfilePage/Preview Content\"";
				ENABLE_PREVIEWS = YES;
				INFOPLIST_FILE = ProfilePage/Info.plist;
				LD_RUNPATH_SEARCH_PATHS = (
					"$(inherited)",
					"@executable_path/Frameworks",
				);
				PRODUCT_BUNDLE_IDENTIFIER = io.github.rphlfc.ProfilePage;
				PRODUCT_NAME = "$(TARGET_NAME)";
				SWIFT_VERSION = 5.0;
				TARGETED_DEVICE_FAMILY = "1,2";
			};
			name = Debug;
		};
		64FCE01324E95C3400F2DAAF /* Release */ = {
			isa = XCBuildConfiguration;
			buildSettings = {
				ASSETCATALOG_COMPILER_APPICON_NAME = AppIcon;
				CODE_SIGN_STYLE = Automatic;
				DEVELOPMENT_ASSET_PATHS = "\"ProfilePage/Preview Content\"";
				ENABLE_PREVIEWS = YES;
				INFOPLIST_FILE = ProfilePage/Info.plist;
				LD_RUNPATH_SEARCH_PATHS = (
					"$(inherited)",
					"@executable_path/Frameworks",
				);
				PRODUCT_BUNDLE_IDENTIFIER = io.github.rphlfc.ProfilePage;
				PRODUCT_NAME = "$(TARGET_NAME)";
				SWIFT_VERSION = 5.0;
				TARGETED_DEVICE_FAMILY = "1,2";
			};
			name = Release;
		};
/* End XCBuildConfiguration section */

/* Begin XCConfigurationList section */
		64FCDFF824E95C3100F2DAAF /* Build configuration list for PBXProject "ProfilePage" */ = {
			isa = XCConfigurationList;
			buildConfigurations = (
				64FCE00F24E95C3400F2DAAF /* Debug */,
				64FCE01024E95C3400F2DAAF /* Release */,
			);
			defaultConfigurationIsVisible = 0;
			defaultConfigurationName = Release;
		};
		64FCE01124E95C3400F2DAAF /* Build configuration list for PBXNativeTarget "ProfilePage" */ = {
			isa = XCConfigurationList;
			buildConfigurations = (
				64FCE01224E95C3400F2DAAF /* Debug */,
				64FCE01324E95C3400F2DAAF /* Release */,
			);
			defaultConfigurationIsVisible = 0;
			defaultConfigurationName = Release;
		};
/* End XCConfigurationList section */
	};
	rootObject = 64FCDFF524E95C3100F2DAAF /* Project object */;
}
